
Microsoft Visual Studio Solution File, Format Version 12.00
# Visual Studio 2012
Project("{FAE04EC0-301F-11D3-BF4B-00C04F79EFBC}") = "WebApplication7", "WebApplication7\WebApplication7.csproj", "{C9A6B051-3511-457D-A4D4-F3F8D35CC1C1}"
EndProject
Global
	GlobalSection(SolutionConfigurationPlatforms) = preSolution
		Debug|Any CPU = Debug|Any CPU
		Release|Any CPU = Release|Any CPU
	EndGlobalSection
	GlobalSection(ProjectConfigurationPlatforms) = postSolution
		{C9A6B051-3511-457D-A4D4-F3F8D35CC1C1}.Debug|Any CPU.ActiveCfg = Debug|Any CPU
		{C9A6B051-3511-457D-A4D4-F3F8D35CC1C1}.Debug|Any CPU.Build.0 = Debug|Any CPU
		{C9A6B051-3511-457D-A4D4-F3F8D35CC1C1}.Release|Any CPU.ActiveCfg = Release|Any CPU
		{C9A6B051-3511-457D-A4D4-F3F8D35CC1C1}.Release|Any CPU.Build.0 = Release|Any CPU
	EndGlobalSection
	GlobalSection(SolutionProperties) = preSolution
		HideSolutionNode = FALSE
	EndGlobalSection
EndGlobal
